
Microsoft Visual Studio Solution File, Format Version 12.00
# Visual Studio Version 17
VisualStudioVersion = 17.14.36717.8 d17.14
MinimumVisualStudioVersion = 10.0.40219.1
Project("{FAE04EC0-301F-11D3-BF4B-00C04F79EFBC}") = "PoseMusicApp", "PoseMusicApp.csproj", "{E43DED13-E00E-4298-A638-DF45B8D23581}"
EndProject
Global
	GlobalSection(SolutionConfigurationPlatforms) = preSolution
		Debug|Any CPU = Debug|Any CPU
		Release|Any CPU = Release|Any CPU
	EndGlobalSection
	GlobalSection(ProjectConfigurationPlatforms) = postSolution
		{E43DED13-E00E-4298-A638-DF45B8D23581}.Debug|Any CPU.ActiveCfg = Debug|Any CPU
		{E43DED13-E00E-4298-A638-DF45B8D23581}.Debug|Any CPU.Build.0 = Debug|Any CPU
		{E43DED13-E00E-4298-A638-DF45B8D23581}.Release|Any CPU.ActiveCfg = Release|Any CPU
		{E43DED13-E00E-4298-A638-DF45B8D23581}.Release|Any CPU.Build.0 = Release|Any CPU
	EndGlobalSection
	GlobalSection(SolutionProperties) = preSolution
		HideSolutionNode = FALSE
	EndGlobalSection
	GlobalSection(ExtensibilityGlobals) = postSolution
		SolutionGuid = {6663ABB8-44A9-48E3-B9FC-B0D8113D543E}
	EndGlobalSection
EndGlobal
